
Microsoft Visual Studio Solution File, Format Version 12.00
# Visual Studio Version 17
VisualStudioVersion = 17.10.35013.160
MinimumVisualStudioVersion = 10.0.40219.1
Project("{9A19103F-16F7-4668-BE54-9A1E7A4F7556}") = "Application", "Application\Application.csproj", "{C0B49A8E-BB5A-4DB6-ABE2-553E610BECE5}"
EndProject
Project("{9A19103F-16F7-4668-BE54-9A1E7A4F7556}") = "Domain", "Domain\Domain.csproj", "{C8810960-E62D-464C-A40F-02B558DF5AB4}"
EndProject
Project("{9A19103F-16F7-4668-BE54-9A1E7A4F7556}") = "WebAPI", "WebAPI\WebAPI.csproj", "{8E597F78-7DAC-4F43-B937-42DAF0F9A51E}"
EndProject
Project("{9A19103F-16F7-4668-BE54-9A1E7A4F7556}") = "Infractructure", "Infractructure\Infractructure.csproj", "{699DBA72-531A-4F09-90A7-CEAE0BA9E98E}"
EndProject
Project("{9A19103F-16F7-4668-BE54-9A1E7A4F7556}") = "Persistence", "Persistance\Persistence.csproj", "{130BF261-BE7B-41A7-9AE1-32DA14EADD0A}"
EndProject
Global
	GlobalSection(SolutionConfigurationPlatforms) = preSolution
		Debug|Any CPU = Debug|Any CPU
		Release|Any CPU = Release|Any CPU
	EndGlobalSection
	GlobalSection(ProjectConfigurationPlatforms) = postSolution
		{C0B49A8E-BB5A-4DB6-ABE2-553E610BECE5}.Debug|Any CPU.ActiveCfg = Debug|Any CPU
		{C0B49A8E-BB5A-4DB6-ABE2-553E610BECE5}.Debug|Any CPU.Build.0 = Debug|Any CPU
		{C0B49A8E-BB5A-4DB6-ABE2-553E610BECE5}.Release|Any CPU.ActiveCfg = Release|Any CPU
		{C0B49A8E-BB5A-4DB6-ABE2-553E610BECE5}.Release|Any CPU.Build.0 = Release|Any CPU
		{C8810960-E62D-464C-A40F-02B558DF5AB4}.Debug|Any CPU.ActiveCfg = Debug|Any CPU
		{C8810960-E62D-464C-A40F-02B558DF5AB4}.Debug|Any CPU.Build.0 = Debug|Any CPU
		{C8810960-E62D-464C-A40F-02B558DF5AB4}.Release|Any CPU.ActiveCfg = Release|Any CPU
		{C8810960-E62D-464C-A40F-02B558DF5AB4}.Release|Any CPU.Build.0 = Release|Any CPU
		{8E597F78-7DAC-4F43-B937-42DAF0F9A51E}.Debug|Any CPU.ActiveCfg = Debug|Any CPU
		{8E597F78-7DAC-4F43-B937-42DAF0F9A51E}.Debug|Any CPU.Build.0 = Debug|Any CPU
		{8E597F78-7DAC-4F43-B937-42DAF0F9A51E}.Release|Any CPU.ActiveCfg = Release|Any CPU
		{8E597F78-7DAC-4F43-B937-42DAF0F9A51E}.Release|Any CPU.Build.0 = Release|Any CPU
		{699DBA72-531A-4F09-90A7-CEAE0BA9E98E}.Debug|Any CPU.ActiveCfg = Debug|Any CPU
		{699DBA72-531A-4F09-90A7-CEAE0BA9E98E}.Debug|Any CPU.Build.0 = Debug|Any CPU
		{699DBA72-531A-4F09-90A7-CEAE0BA9E98E}.Release|Any CPU.ActiveCfg = Release|Any CPU
		{699DBA72-531A-4F09-90A7-CEAE0BA9E98E}.Release|Any CPU.Build.0 = Release|Any CPU
		{130BF261-BE7B-41A7-9AE1-32DA14EADD0A}.Debug|Any CPU.ActiveCfg = Debug|Any CPU
		{130BF261-BE7B-41A7-9AE1-32DA14EADD0A}.Debug|Any CPU.Build.0 = Debug|Any CPU
		{130BF261-BE7B-41A7-9AE1-32DA14EADD0A}.Release|Any CPU.ActiveCfg = Release|Any CPU
		{130BF261-BE7B-41A7-9AE1-32DA14EADD0A}.Release|Any CPU.Build.0 = Release|Any CPU
	EndGlobalSection
	GlobalSection(SolutionProperties) = preSolution
		HideSolutionNode = FALSE
	EndGlobalSection
	GlobalSection(ExtensibilityGlobals) = postSolution
		SolutionGuid = {DD815D41-AD60-4F8A-AA03-915B1404ED8C}
	EndGlobalSection
EndGlobal
